
Microsoft Visual Studio Solution File, Format Version 12.00
# Visual Studio Version 16
VisualStudioVersion = 16.0.32602.291
MinimumVisualStudioVersion = 10.0.40219.1
Project("{FAE04EC0-301F-11D3-BF4B-00C04F79EFBC}") = "Task13", "Task13\Task13.csproj", "{55F82E47-DB26-4221-99FD-1C08711CCBA5}"
EndProject
Global
	GlobalSection(SolutionConfigurationPlatforms) = preSolution
		Debug|Any CPU = Debug|Any CPU
		Release|Any CPU = Release|Any CPU
	EndGlobalSection
	GlobalSection(ProjectConfigurationPlatforms) = postSolution
		{55F82E47-DB26-4221-99FD-1C08711CCBA5}.Debug|Any CPU.ActiveCfg = Debug|Any CPU
		{55F82E47-DB26-4221-99FD-1C08711CCBA5}.Debug|Any CPU.Build.0 = Debug|Any CPU
		{55F82E47-DB26-4221-99FD-1C08711CCBA5}.Release|Any CPU.ActiveCfg = Release|Any CPU
		{55F82E47-DB26-4221-99FD-1C08711CCBA5}.Release|Any CPU.Build.0 = Release|Any CPU
	EndGlobalSection
	GlobalSection(SolutionProperties) = preSolution
		HideSolutionNode = FALSE
	EndGlobalSection
	GlobalSection(ExtensibilityGlobals) = postSolution
		SolutionGuid = {E2A64EE4-B343-4042-935A-95EA05A0DD9F}
	EndGlobalSection
EndGlobal
